
Microsoft Visual Studio Solution File, Format Version 12.00
# Visual Studio Version 17
VisualStudioVersion = 17.11.35327.3
MinimumVisualStudioVersion = 10.0.40219.1
Project("{9A19103F-16F7-4668-BE54-9A1E7A4F7556}") = "Microsoft.Extensions.Configuration.Etcd", "Microsoft.Extensions.Configuration.Etcd\Microsoft.Extensions.Configuration.Etcd.csproj", "{E1623DF6-DE67-4BAC-ACF2-EB3D7474933A}"
EndProject
Project("{9A19103F-16F7-4668-BE54-9A1E7A4F7556}") = "TestEtcd", "TestEtcd\TestEtcd.csproj", "{FB788B5A-EE0C-4027-94F1-72B37E17E91B}"
EndProject
Project("{9A19103F-16F7-4668-BE54-9A1E7A4F7556}") = "WriteEtcd", "WriteEtcd\WriteEtcd.csproj", "{BCE2C3AB-54C1-41A6-BFA9-15A00F786370}"
EndProject
Global
	GlobalSection(SolutionConfigurationPlatforms) = preSolution
		Debug|Any CPU = Debug|Any CPU
		Release|Any CPU = Release|Any CPU
	EndGlobalSection
	GlobalSection(ProjectConfigurationPlatforms) = postSolution
		{E1623DF6-DE67-4BAC-ACF2-EB3D7474933A}.Debug|Any CPU.ActiveCfg = Debug|Any CPU
		{E1623DF6-DE67-4BAC-ACF2-EB3D7474933A}.Debug|Any CPU.Build.0 = Debug|Any CPU
		{E1623DF6-DE67-4BAC-ACF2-EB3D7474933A}.Release|Any CPU.ActiveCfg = Release|Any CPU
		{E1623DF6-DE67-4BAC-ACF2-EB3D7474933A}.Release|Any CPU.Build.0 = Release|Any CPU
		{FB788B5A-EE0C-4027-94F1-72B37E17E91B}.Debug|Any CPU.ActiveCfg = Debug|Any CPU
		{FB788B5A-EE0C-4027-94F1-72B37E17E91B}.Debug|Any CPU.Build.0 = Debug|Any CPU
		{FB788B5A-EE0C-4027-94F1-72B37E17E91B}.Release|Any CPU.ActiveCfg = Release|Any CPU
		{FB788B5A-EE0C-4027-94F1-72B37E17E91B}.Release|Any CPU.Build.0 = Release|Any CPU
		{BCE2C3AB-54C1-41A6-BFA9-15A00F786370}.Debug|Any CPU.ActiveCfg = Debug|Any CPU
		{BCE2C3AB-54C1-41A6-BFA9-15A00F786370}.Debug|Any CPU.Build.0 = Debug|Any CPU
		{BCE2C3AB-54C1-41A6-BFA9-15A00F786370}.Release|Any CPU.ActiveCfg = Release|Any CPU
		{BCE2C3AB-54C1-41A6-BFA9-15A00F786370}.Release|Any CPU.Build.0 = Release|Any CPU
	EndGlobalSection
	GlobalSection(SolutionProperties) = preSolution
		HideSolutionNode = FALSE
	EndGlobalSection
	GlobalSection(ExtensibilityGlobals) = postSolution
		SolutionGuid = {D0246D63-6C53-4689-BB5B-C71FFC6B9A37}
	EndGlobalSection
EndGlobal
